<?xml version="1.0" encoding="utf-8"?>
<Project ToolsVersion="4.0" xmlns="http://schemas.microsoft.com/developer/msbuild/2003">
  <ItemGroup>
    <Filter Include="Source Files">
      <UniqueIdentifier>{4FC737F1-C7A5-4376-A066-2A32D752A2FF}</UniqueIdentifier>
      <Extensions>cpp;c;cc;cxx;c++;cppm;ixx;def;odl;idl;hpj;bat;asm;asmx</Extensions>
    </Filter>
    <Filter Include="Header Files">
      <UniqueIdentifier>{93995380-89BD-4b04-88EB-625FBE52EBFB}</UniqueIdentifier>
      <Extensions>h;hh;hpp;hxx;h++;hm;inl;inc;ipp;xsd</Extensions>
    </Filter>
    <Filter Include="Resource Files">
      <UniqueIdentifier>{67DA6AB6-F800-4c08-8B7A-83BB121AAD01}</UniqueIdentifier>
      <Extensions>rc;ico;cur;bmp;dlg;rc2;rct;bin;rgs;gif;jpg;jpeg;jpe;resx;tiff;tif;png;wav;mfcribbon-ms</Extensions>
    </Filter>
  </ItemGroup>
  <ItemGroup>
    <ClInclude Include="User.h">
      <Filter>Header Files</Filter>
    </ClInclude>
    <ClInclude Include="TCPListener.h">
      <Filter>Header Files</Filter>
    </ClInclude>
    <ClInclude Include="Utilizator.h">
      <Filter>Header Files</Filter>
    </ClInclude>
    <ClInclude Include="Admin.h">
      <Filter>Header Files</Filter>
    </ClInclude>
    <ClInclude Include="Client.h">
      <Filter>Header Files</Filter>
    </ClInclude>
    <ClInclude Include="Protocoale.h">
      <Filter>Header Files</Filter>
    </ClInclude>
    <ClInclude Include="IProtocol.h">
      <Filter>Header Files</Filter>
    </ClInclude>
    <ClInclude Include="ProtocolLogClient.h">
      <Filter>Header Files</Filter>
    </ClInclude>
    <ClInclude Include="ProtocolSearchAnimal.h">
      <Filter>Header Files</Filter>
    </ClInclude>
    <ClInclude Include="ProtocolFormAdoption.h">
      <Filter>Header Files</Filter>
    </ClInclude>
    <ClInclude Include="ProtocolReportEvent.h">
      <Filter>Header Files</Filter>
    </ClInclude>
    <ClInclude Include="ProtocolSendCampaign.h">
      <Filter>Header Files</Filter>
    </ClInclude>
    <ClInclude Include="ProtocolRegister.h">
      <Filter>Header Files</Filter>
    </ClInclude>
    <ClInclude Include="ProtocolLogAdmin.h">
      <Filter>Header Files</Filter>
    </ClInclude>
    <ClInclude Include="ProtocolLogFile.h">
      <Filter>Header Files</Filter>
    </ClInclude>
    <ClInclude Include="ProtocolShowRequests.h">
      <Filter>Header Files</Filter>
    </ClInclude>
    <ClInclude Include="ProtocolADRequests.h">
      <Filter>Header Files</Filter>
    </ClInclude>
    <ClInclude Include="ProtocolShowAnimals.h">
      <Filter>Header Files</Filter>
    </ClInclude>
    <ClInclude Include="ProtocolShowAnimalsID.h">
      <Filter>Header Files</Filter>
    </ClInclude>
    <ClInclude Include="ProtocolChangeParameters.h">
      <Filter>Header Files</Filter>
    </ClInclude>
    <ClInclude Include="ProtocolAddAnimal.h">
      <Filter>Header Files</Filter>
    </ClInclude>
    <ClInclude Include="ProtocolDeleteAnimal.h">
      <Filter>Header Files</Filter>
    </ClInclude>
    <ClInclude Include="ProtocolAddCampaign.h">
      <Filter>Header Files</Filter>
    </ClInclude>
    <ClInclude Include="ProtocolDeleteCampaign.h">
      <Filter>Header Files</Filter>
    </ClInclude>
    <ClInclude Include="DB.h">
      <Filter>Header Files</Filter>
    </ClInclude>
    <ClInclude Include="LOG.h">
      <Filter>Header Files</Filter>
    </ClInclude>
  </ItemGroup>
  <ItemGroup>
    <ClCompile Include="main.cpp">
      <Filter>Source Files</Filter>
    </ClCompile>
    <ClCompile Include="TCPListener.cpp">
      <Filter>Source Files</Filter>
    </ClCompile>
    <ClCompile Include="Utilizator.cpp">
      <Filter>Source Files</Filter>
    </ClCompile>
    <ClCompile Include="Admin.cpp">
      <Filter>Source Files</Filter>
    </ClCompile>
    <ClCompile Include="Client.cpp">
      <Filter>Source Files</Filter>
    </ClCompile>
    <ClCompile Include="Protocoale.cpp">
      <Filter>Source Files</Filter>
    </ClCompile>
    <ClCompile Include="IProtocol.cpp">
      <Filter>Source Files</Filter>
    </ClCompile>
    <ClCompile Include="ProtocolLogClient.cpp">
      <Filter>Source Files</Filter>
    </ClCompile>
    <ClCompile Include="ProtocolSearchAnimal.cpp">
      <Filter>Source Files</Filter>
    </ClCompile>
    <ClCompile Include="ProtocolFormAdoption.cpp">
      <Filter>Source Files</Filter>
    </ClCompile>
    <ClCompile Include="ProtocolReportEvent.cpp">
      <Filter>Source Files</Filter>
    </ClCompile>
    <ClCompile Include="ProtocolSendCampaign.cpp">
      <Filter>Source Files</Filter>
    </ClCompile>
    <ClCompile Include="ProtocolRegister.cpp">
      <Filter>Source Files</Filter>
    </ClCompile>
    <ClCompile Include="ProtocolLogAdmin.cpp">
      <Filter>Source Files</Filter>
    </ClCompile>
    <ClCompile Include="ProtocolLogFile.cpp">
      <Filter>Source Files</Filter>
    </ClCompile>
    <ClCompile Include="ProtocolShowRequests.cpp">
      <Filter>Source Files</Filter>
    </ClCompile>
    <ClCompile Include="ProtocolADRequests.cpp">
      <Filter>Source Files</Filter>
    </ClCompile>
    <ClCompile Include="ProtocolShowAnimals.cpp">
      <Filter>Source Files</Filter>
    </ClCompile>
    <ClCompile Include="ProtocolShowAnimalsID.cpp">
      <Filter>Source Files</Filter>
    </ClCompile>
    <ClCompile Include="ProtocolChangeParameters.cpp">
      <Filter>Source Files</Filter>
    </ClCompile>
    <ClCompile Include="ProtocolAddAnimal.cpp">
      <Filter>Source Files</Filter>
    </ClCompile>
    <ClCompile Include="ProtocolDeleteAnimal.cpp">
      <Filter>Source Files</Filter>
    </ClCompile>
    <ClCompile Include="ProtocolAddCampaign.cpp">
      <Filter>Source Files</Filter>
    </ClCompile>
    <ClCompile Include="ProtocolDeleteCampaign.cpp">
      <Filter>Source Files</Filter>
    </ClCompile>
    <ClCompile Include="DB.cpp">
      <Filter>Source Files</Filter>
    </ClCompile>
    <ClCompile Include="LOG.cpp">
      <Filter>Source Files</Filter>
    </ClCompile>
  </ItemGroup>
  <ItemGroup>
    <Text Include="Log.txt" />
  </ItemGroup>
</Project>